
Microsoft Visual Studio Solution File, Format Version 12.00
# Visual Studio Version 17
VisualStudioVersion = 17.7.34024.191
MinimumVisualStudioVersion = 10.0.40219.1
Project("{FAE04EC0-301F-11D3-BF4B-00C04F79EFBC}") = "pjp_cv1", "pjp_cv1.csproj", "{A90CEDEC-C3AC-4AB6-AE23-516F8C5F41AB}"
EndProject
Global
	GlobalSection(SolutionConfigurationPlatforms) = preSolution
		Debug|Any CPU = Debug|Any CPU
		Release|Any CPU = Release|Any CPU
	EndGlobalSection
	GlobalSection(ProjectConfigurationPlatforms) = postSolution
		{A90CEDEC-C3AC-4AB6-AE23-516F8C5F41AB}.Debug|Any CPU.ActiveCfg = Debug|Any CPU
		{A90CEDEC-C3AC-4AB6-AE23-516F8C5F41AB}.Debug|Any CPU.Build.0 = Debug|Any CPU
		{A90CEDEC-C3AC-4AB6-AE23-516F8C5F41AB}.Release|Any CPU.ActiveCfg = Release|Any CPU
		{A90CEDEC-C3AC-4AB6-AE23-516F8C5F41AB}.Release|Any CPU.Build.0 = Release|Any CPU
	EndGlobalSection
	GlobalSection(SolutionProperties) = preSolution
		HideSolutionNode = FALSE
	EndGlobalSection
	GlobalSection(ExtensibilityGlobals) = postSolution
		SolutionGuid = {057D7892-AB61-46F3-B2CE-EA486B79BB50}
	EndGlobalSection
EndGlobal
